
Microsoft Visual Studio Solution File, Format Version 12.00
# Visual Studio 15
VisualStudioVersion = 15.0.28307.779
MinimumVisualStudioVersion = 10.0.40219.1
Project("{FAE04EC0-301F-11D3-BF4B-00C04F79EFBC}") = "AVeryBigSum", "AVeryBigSum\AVeryBigSum.csproj", "{ABDC52FA-D0ED-480A-921B-C6C4A0DB509A}"
EndProject
Global
	GlobalSection(SolutionConfigurationPlatforms) = preSolution
		Debug|Any CPU = Debug|Any CPU
		Release|Any CPU = Release|Any CPU
	EndGlobalSection
	GlobalSection(ProjectConfigurationPlatforms) = postSolution
		{ABDC52FA-D0ED-480A-921B-C6C4A0DB509A}.Debug|Any CPU.ActiveCfg = Debug|Any CPU
		{ABDC52FA-D0ED-480A-921B-C6C4A0DB509A}.Debug|Any CPU.Build.0 = Debug|Any CPU
		{ABDC52FA-D0ED-480A-921B-C6C4A0DB509A}.Release|Any CPU.ActiveCfg = Release|Any CPU
		{ABDC52FA-D0ED-480A-921B-C6C4A0DB509A}.Release|Any CPU.Build.0 = Release|Any CPU
	EndGlobalSection
	GlobalSection(SolutionProperties) = preSolution
		HideSolutionNode = FALSE
	EndGlobalSection
	GlobalSection(ExtensibilityGlobals) = postSolution
		SolutionGuid = {BB14C46F-7B61-4B26-93CE-80AE67792AD4}
	EndGlobalSection
EndGlobal
